
Microsoft Visual Studio Solution File, Format Version 12.00
# Visual Studio Version 17
VisualStudioVersion = 17.12.35707.178
MinimumVisualStudioVersion = 10.0.40219.1
Project("{FAE04EC0-301F-11D3-BF4B-00C04F79EFBC}") = "HotelApi.API", "HotelApi.API\HotelApi.API.csproj", "{D11B0A00-B32D-4B52-B6D9-43C1E352A2EF}"
EndProject
Project("{FAE04EC0-301F-11D3-BF4B-00C04F79EFBC}") = "HotelApi.Infrastructure", "HotelApi.Infrastructure\HotelApi.Infrastructure.csproj", "{77A19A51-8967-420A-A706-B869A2581049}"
EndProject
Project("{FAE04EC0-301F-11D3-BF4B-00C04F79EFBC}") = "HotelApi.Application", "HotelApi.Application\HotelApi.Application.csproj", "{57640BC1-1E4E-40F0-9001-8602C8C997A0}"
EndProject
Project("{FAE04EC0-301F-11D3-BF4B-00C04F79EFBC}") = "HotelApi.Domain", "HotelApi.Domain\HotelApi.Domain.csproj", "{192DA7B7-66D3-4EE4-81C9-15FB7CD2625B}"
EndProject
Project("{FAE04EC0-301F-11D3-BF4B-00C04F79EFBC}") = "HotelApi.Tests", "HotelApi.Tests\HotelApi.Tests.csproj", "{788502D9-0E34-4F97-9D7C-8939205FF50B}"
EndProject
Global
	GlobalSection(SolutionConfigurationPlatforms) = preSolution
		Debug|Any CPU = Debug|Any CPU
		Release|Any CPU = Release|Any CPU
	EndGlobalSection
	GlobalSection(ProjectConfigurationPlatforms) = postSolution
		{D11B0A00-B32D-4B52-B6D9-43C1E352A2EF}.Debug|Any CPU.ActiveCfg = Debug|Any CPU
		{D11B0A00-B32D-4B52-B6D9-43C1E352A2EF}.Debug|Any CPU.Build.0 = Debug|Any CPU
		{D11B0A00-B32D-4B52-B6D9-43C1E352A2EF}.Release|Any CPU.ActiveCfg = Release|Any CPU
		{D11B0A00-B32D-4B52-B6D9-43C1E352A2EF}.Release|Any CPU.Build.0 = Release|Any CPU
		{77A19A51-8967-420A-A706-B869A2581049}.Debug|Any CPU.ActiveCfg = Debug|Any CPU
		{77A19A51-8967-420A-A706-B869A2581049}.Debug|Any CPU.Build.0 = Debug|Any CPU
		{77A19A51-8967-420A-A706-B869A2581049}.Release|Any CPU.ActiveCfg = Release|Any CPU
		{77A19A51-8967-420A-A706-B869A2581049}.Release|Any CPU.Build.0 = Release|Any CPU
		{57640BC1-1E4E-40F0-9001-8602C8C997A0}.Debug|Any CPU.ActiveCfg = Debug|Any CPU
		{57640BC1-1E4E-40F0-9001-8602C8C997A0}.Debug|Any CPU.Build.0 = Debug|Any CPU
		{57640BC1-1E4E-40F0-9001-8602C8C997A0}.Release|Any CPU.ActiveCfg = Release|Any CPU
		{57640BC1-1E4E-40F0-9001-8602C8C997A0}.Release|Any CPU.Build.0 = Release|Any CPU
		{192DA7B7-66D3-4EE4-81C9-15FB7CD2625B}.Debug|Any CPU.ActiveCfg = Debug|Any CPU
		{192DA7B7-66D3-4EE4-81C9-15FB7CD2625B}.Debug|Any CPU.Build.0 = Debug|Any CPU
		{192DA7B7-66D3-4EE4-81C9-15FB7CD2625B}.Release|Any CPU.ActiveCfg = Release|Any CPU
		{192DA7B7-66D3-4EE4-81C9-15FB7CD2625B}.Release|Any CPU.Build.0 = Release|Any CPU
		{788502D9-0E34-4F97-9D7C-8939205FF50B}.Debug|Any CPU.ActiveCfg = Debug|Any CPU
		{788502D9-0E34-4F97-9D7C-8939205FF50B}.Debug|Any CPU.Build.0 = Debug|Any CPU
		{788502D9-0E34-4F97-9D7C-8939205FF50B}.Release|Any CPU.ActiveCfg = Release|Any CPU
		{788502D9-0E34-4F97-9D7C-8939205FF50B}.Release|Any CPU.Build.0 = Release|Any CPU
	EndGlobalSection
	GlobalSection(SolutionProperties) = preSolution
		HideSolutionNode = FALSE
	EndGlobalSection
EndGlobal
